Microsoft Visual Studio Solution File, Format Version 12.00
# Visual Studio Version 17
VisualStudioVersion = 17.5.2.0
MinimumVisualStudioVersion = 10.0.40219.1
Project("{FAE04EC0-301F-11D3-BF4B-00C04F79EFBC}") = "Excel_To_Access", "Excel_To_Access.csproj", "{06734AA4-5406-603E-7A6A-7F963D9AB6D8}"
EndProject
Global
	GlobalSection(SolutionConfigurationPlatforms) = preSolution
		Debug|Any CPU = Debug|Any CPU
		Release|Any CPU = Release|Any CPU
	EndGlobalSection
	GlobalSection(ProjectConfigurationPlatforms) = postSolution
		{06734AA4-5406-603E-7A6A-7F963D9AB6D8}.Debug|Any CPU.ActiveCfg = Debug|Any CPU
		{06734AA4-5406-603E-7A6A-7F963D9AB6D8}.Debug|Any CPU.Build.0 = Debug|Any CPU
		{06734AA4-5406-603E-7A6A-7F963D9AB6D8}.Release|Any CPU.ActiveCfg = Release|Any CPU
		{06734AA4-5406-603E-7A6A-7F963D9AB6D8}.Release|Any CPU.Build.0 = Release|Any CPU
	EndGlobalSection
	GlobalSection(SolutionProperties) = preSolution
		HideSolutionNode = FALSE
	EndGlobalSection
	GlobalSection(ExtensibilityGlobals) = postSolution
		SolutionGuid = {53A963F1-31B8-4F52-B762-EB47535BB60D}
	EndGlobalSection
EndGlobal
